
Microsoft Visual Studio Solution File, Format Version 12.00
# Visual Studio 15
VisualStudioVersion = 15.0.28307.902
MinimumVisualStudioVersion = 10.0.40219.1
Project("{FAE04EC0-301F-11D3-BF4B-00C04F79EFBC}") = "ScalingCantrips", "ScalingCantrips\ScalingCantrips.csproj", "{8ED1AD2C-191F-43F1-A2C4-1BA78E7D0966}"
EndProject
Global
	GlobalSection(SolutionConfigurationPlatforms) = preSolution
		Debug|Any CPU = Debug|Any CPU
		Release|Any CPU = Release|Any CPU
	EndGlobalSection
	GlobalSection(ProjectConfigurationPlatforms) = postSolution
		{8ED1AD2C-191F-43F1-A2C4-1BA78E7D0966}.Debug|Any CPU.ActiveCfg = Debug|Any CPU
		{8ED1AD2C-191F-43F1-A2C4-1BA78E7D0966}.Debug|Any CPU.Build.0 = Debug|Any CPU
		{8ED1AD2C-191F-43F1-A2C4-1BA78E7D0966}.Release|Any CPU.ActiveCfg = Debug|Any CPU
		{8ED1AD2C-191F-43F1-A2C4-1BA78E7D0966}.Release|Any CPU.Build.0 = Debug|Any CPU
	EndGlobalSection
	GlobalSection(SolutionProperties) = preSolution
		HideSolutionNode = FALSE
	EndGlobalSection
	GlobalSection(ExtensibilityGlobals) = postSolution
		SolutionGuid = {2C6D172B-2483-41AE-A10F-160F63317353}
	EndGlobalSection
EndGlobal
